
Microsoft Visual Studio Solution File, Format Version 12.00
# Visual Studio Version 17
VisualStudioVersion = 17.0.31903.59
MinimumVisualStudioVersion = 10.0.40219.1

Project("{2150E333-8FDC-42A3-9474-1A3956D46DE8}") = "src", "src", "{C43B8787-9510-41E8-829E-49C92FC8FDB7}"
EndProject
Project("{2150E333-8FDC-42A3-9474-1A3956D46DE8}") = "tests", "tests", "{FBB5737F-C810-4F0B-AAE6-E6910DE32735}"
EndProject

Project("{2150E333-8FDC-42A3-9474-1A3956D46DE8}") = "Core", "Core", "{A1B2C3D4-0001-0001-0001-000000000001}"
EndProject
Project("{2150E333-8FDC-42A3-9474-1A3956D46DE8}") = "Infrastructure", "Infrastructure", "{A1B2C3D4-0001-0001-0001-000000000002}"
EndProject
Project("{2150E333-8FDC-42A3-9474-1A3956D46DE8}") = "Hosts", "Hosts", "{A1B2C3D4-0001-0001-0001-000000000003}"
EndProject

Project("{FAE04EC0-301F-11D3-BF4B-00C04F79EFBC}") = "DataHub.Settlement.Domain", "src\DataHub.Settlement.Domain\DataHub.Settlement.Domain.csproj", "{45AB1AD7-A9D6-49D0-80F3-01DCE565F32F}"
EndProject
Project("{FAE04EC0-301F-11D3-BF4B-00C04F79EFBC}") = "DataHub.Settlement.Application", "src\DataHub.Settlement.Application\DataHub.Settlement.Application.csproj", "{6753362F-FFB7-49B1-A357-33B104C1A99C}"
EndProject
Project("{FAE04EC0-301F-11D3-BF4B-00C04F79EFBC}") = "DataHub.Settlement.Infrastructure", "src\DataHub.Settlement.Infrastructure\DataHub.Settlement.Infrastructure.csproj", "{0C9D145B-B0D4-4C72-BFD4-88E0CD398986}"
EndProject
Project("{FAE04EC0-301F-11D3-BF4B-00C04F79EFBC}") = "DataHub.Settlement.Worker", "src\DataHub.Settlement.Worker\DataHub.Settlement.Worker.csproj", "{890C8631-157B-49D3-A61E-6C64E3EF0494}"
EndProject
Project("{FAE04EC0-301F-11D3-BF4B-00C04F79EFBC}") = "DataHub.Settlement.Api", "src\DataHub.Settlement.Api\DataHub.Settlement.Api.csproj", "{EEC992DD-45CB-4B64-8562-34745D7F8843}"
EndProject
Project("{FAE04EC0-301F-11D3-BF4B-00C04F79EFBC}") = "DataHub.Settlement.Web", "src\DataHub.Settlement.Web\DataHub.Settlement.Web.csproj", "{B7A3D1E2-6F4C-4A8B-9E5D-1C2F3A4B5C6D}"
EndProject
Project("{FAE04EC0-301F-11D3-BF4B-00C04F79EFBC}") = "DataHub.Settlement.UnitTests", "tests\DataHub.Settlement.UnitTests\DataHub.Settlement.UnitTests.csproj", "{DC4C6837-DC4E-4E34-8357-270D89AC3812}"
EndProject
Project("{FAE04EC0-301F-11D3-BF4B-00C04F79EFBC}") = "DataHub.Settlement.IntegrationTests", "tests\DataHub.Settlement.IntegrationTests\DataHub.Settlement.IntegrationTests.csproj", "{02298BAB-F5DF-45B0-845A-6C26EFE16BB9}"
EndProject

Global
	GlobalSection(SolutionConfigurationPlatforms) = preSolution
		Debug|Any CPU = Debug|Any CPU
		Release|Any CPU = Release|Any CPU
	EndGlobalSection
	GlobalSection(ProjectConfigurationPlatforms) = postSolution
		{45AB1AD7-A9D6-49D0-80F3-01DCE565F32F}.Debug|Any CPU.ActiveCfg = Debug|Any CPU
		{45AB1AD7-A9D6-49D0-80F3-01DCE565F32F}.Debug|Any CPU.Build.0 = Debug|Any CPU
		{45AB1AD7-A9D6-49D0-80F3-01DCE565F32F}.Release|Any CPU.ActiveCfg = Release|Any CPU
		{45AB1AD7-A9D6-49D0-80F3-01DCE565F32F}.Release|Any CPU.Build.0 = Release|Any CPU
		{6753362F-FFB7-49B1-A357-33B104C1A99C}.Debug|Any CPU.ActiveCfg = Debug|Any CPU
		{6753362F-FFB7-49B1-A357-33B104C1A99C}.Debug|Any CPU.Build.0 = Debug|Any CPU
		{6753362F-FFB7-49B1-A357-33B104C1A99C}.Release|Any CPU.ActiveCfg = Release|Any CPU
		{6753362F-FFB7-49B1-A357-33B104C1A99C}.Release|Any CPU.Build.0 = Release|Any CPU
		{0C9D145B-B0D4-4C72-BFD4-88E0CD398986}.Debug|Any CPU.ActiveCfg = Debug|Any CPU
		{0C9D145B-B0D4-4C72-BFD4-88E0CD398986}.Debug|Any CPU.Build.0 = Debug|Any CPU
		{0C9D145B-B0D4-4C72-BFD4-88E0CD398986}.Release|Any CPU.ActiveCfg = Release|Any CPU
		{0C9D145B-B0D4-4C72-BFD4-88E0CD398986}.Release|Any CPU.Build.0 = Release|Any CPU
		{890C8631-157B-49D3-A61E-6C64E3EF0494}.Debug|Any CPU.ActiveCfg = Debug|Any CPU
		{890C8631-157B-49D3-A61E-6C64E3EF0494}.Debug|Any CPU.Build.0 = Debug|Any CPU
		{890C8631-157B-49D3-A61E-6C64E3EF0494}.Release|Any CPU.ActiveCfg = Release|Any CPU
		{890C8631-157B-49D3-A61E-6C64E3EF0494}.Release|Any CPU.Build.0 = Release|Any CPU
		{EEC992DD-45CB-4B64-8562-34745D7F8843}.Debug|Any CPU.ActiveCfg = Debug|Any CPU
		{EEC992DD-45CB-4B64-8562-34745D7F8843}.Debug|Any CPU.Build.0 = Debug|Any CPU
		{EEC992DD-45CB-4B64-8562-34745D7F8843}.Release|Any CPU.ActiveCfg = Release|Any CPU
		{EEC992DD-45CB-4B64-8562-34745D7F8843}.Release|Any CPU.Build.0 = Release|Any CPU
		{B7A3D1E2-6F4C-4A8B-9E5D-1C2F3A4B5C6D}.Debug|Any CPU.ActiveCfg = Debug|Any CPU
		{B7A3D1E2-6F4C-4A8B-9E5D-1C2F3A4B5C6D}.Debug|Any CPU.Build.0 = Debug|Any CPU
		{B7A3D1E2-6F4C-4A8B-9E5D-1C2F3A4B5C6D}.Release|Any CPU.ActiveCfg = Release|Any CPU
		{B7A3D1E2-6F4C-4A8B-9E5D-1C2F3A4B5C6D}.Release|Any CPU.Build.0 = Release|Any CPU
		{DC4C6837-DC4E-4E34-8357-270D89AC3812}.Debug|Any CPU.ActiveCfg = Debug|Any CPU
		{DC4C6837-DC4E-4E34-8357-270D89AC3812}.Debug|Any CPU.Build.0 = Debug|Any CPU
		{DC4C6837-DC4E-4E34-8357-270D89AC3812}.Release|Any CPU.ActiveCfg = Release|Any CPU
		{DC4C6837-DC4E-4E34-8357-270D89AC3812}.Release|Any CPU.Build.0 = Release|Any CPU
		{02298BAB-F5DF-45B0-845A-6C26EFE16BB9}.Debug|Any CPU.ActiveCfg = Debug|Any CPU
		{02298BAB-F5DF-45B0-845A-6C26EFE16BB9}.Debug|Any CPU.Build.0 = Debug|Any CPU
		{02298BAB-F5DF-45B0-845A-6C26EFE16BB9}.Release|Any CPU.ActiveCfg = Release|Any CPU
		{02298BAB-F5DF-45B0-845A-6C26EFE16BB9}.Release|Any CPU.Build.0 = Release|Any CPU
	EndGlobalSection
	GlobalSection(NestedProjects) = preSolution
		{A1B2C3D4-0001-0001-0001-000000000001} = {C43B8787-9510-41E8-829E-49C92FC8FDB7}
		{A1B2C3D4-0001-0001-0001-000000000002} = {C43B8787-9510-41E8-829E-49C92FC8FDB7}
		{A1B2C3D4-0001-0001-0001-000000000003} = {C43B8787-9510-41E8-829E-49C92FC8FDB7}
		{45AB1AD7-A9D6-49D0-80F3-01DCE565F32F} = {A1B2C3D4-0001-0001-0001-000000000001}
		{6753362F-FFB7-49B1-A357-33B104C1A99C} = {A1B2C3D4-0001-0001-0001-000000000001}
		{0C9D145B-B0D4-4C72-BFD4-88E0CD398986} = {A1B2C3D4-0001-0001-0001-000000000002}
		{890C8631-157B-49D3-A61E-6C64E3EF0494} = {A1B2C3D4-0001-0001-0001-000000000003}
		{EEC992DD-45CB-4B64-8562-34745D7F8843} = {A1B2C3D4-0001-0001-0001-000000000003}
		{B7A3D1E2-6F4C-4A8B-9E5D-1C2F3A4B5C6D} = {A1B2C3D4-0001-0001-0001-000000000003}
		{DC4C6837-DC4E-4E34-8357-270D89AC3812} = {FBB5737F-C810-4F0B-AAE6-E6910DE32735}
		{02298BAB-F5DF-45B0-845A-6C26EFE16BB9} = {FBB5737F-C810-4F0B-AAE6-E6910DE32735}
	EndGlobalSection
EndGlobal
